
Microsoft Visual Studio Solution File, Format Version 12.00
# Visual Studio 2013
VisualStudioVersion = 12.0.31101.0
MinimumVisualStudioVersion = 10.0.40219.1
Project("{8BC9CEB8-8B4A-11D0-8D11-00A0C91BC942}") = "CDate", "CDate\CDate.vcxproj", "{6168B2DD-577C-4C0A-BD9F-999E39F3C4B3}"
EndProject
Project("{8BC9CEB8-8B4A-11D0-8D11-00A0C91BC942}") = "TestCDate", "TestCDate\TestCDate.vcxproj", "{3A74F27B-FD3B-489D-A3B9-5E9BF77FAE98}"
EndProject
Global
	GlobalSection(SolutionConfigurationPlatforms) = preSolution
		Debug|Win32 = Debug|Win32
		Release|Win32 = Release|Win32
	EndGlobalSection
	GlobalSection(ProjectConfigurationPlatforms) = postSolution
		{6168B2DD-577C-4C0A-BD9F-999E39F3C4B3}.Debug|Win32.ActiveCfg = Debug|Win32
		{6168B2DD-577C-4C0A-BD9F-999E39F3C4B3}.Debug|Win32.Build.0 = Debug|Win32
		{6168B2DD-577C-4C0A-BD9F-999E39F3C4B3}.Release|Win32.ActiveCfg = Release|Win32
		{6168B2DD-577C-4C0A-BD9F-999E39F3C4B3}.Release|Win32.Build.0 = Release|Win32
		{3A74F27B-FD3B-489D-A3B9-5E9BF77FAE98}.Debug|Win32.ActiveCfg = Debug|Win32
		{3A74F27B-FD3B-489D-A3B9-5E9BF77FAE98}.Debug|Win32.Build.0 = Debug|Win32
		{3A74F27B-FD3B-489D-A3B9-5E9BF77FAE98}.Release|Win32.ActiveCfg = Release|Win32
		{3A74F27B-FD3B-489D-A3B9-5E9BF77FAE98}.Release|Win32.Build.0 = Release|Win32
	EndGlobalSection
	GlobalSection(SolutionProperties) = preSolution
		HideSolutionNode = FALSE
	EndGlobalSection
EndGlobal
